
Microsoft Visual Studio Solution File, Format Version 12.00
# Visual Studio Version 17
VisualStudioVersion = 17.12.35527.113
MinimumVisualStudioVersion = 10.0.40219.1
Project("{FAE04EC0-301F-11D3-BF4B-00C04F79EFBC}") = "CollectionAssistanceTool.API", "CollectionAssistanceTool.API\CollectionAssistanceTool.API.csproj", "{7378E1D8-C733-487B-82D0-D726E93FD42F}"
EndProject
Project("{FAE04EC0-301F-11D3-BF4B-00C04F79EFBC}") = "CollectionAssistanceTool.Infrastructure", "CollectionAssistanceTool.Infrastructure\CollectionAssistanceTool.Infrastructure.csproj", "{5EC88B4E-ABF8-472D-965B-C3E2D3ADD68F}"
EndProject
Project("{FAE04EC0-301F-11D3-BF4B-00C04F79EFBC}") = "CollectionAssistanceTool.Core", "CollectionAssistanceTool.Core\CollectionAssistanceTool.Core.csproj", "{9AA7975A-7D13-4438-B743-0DA1AF3718EA}"
EndProject
Project("{FAE04EC0-301F-11D3-BF4B-00C04F79EFBC}") = "CollectionAssistanceTool.Tests", "CollectionAssistanceTool.Tests\CollectionAssistanceTool.Tests.csproj", "{0C961211-2C42-42C5-BE02-FE684FF9F7A2}"
EndProject
Global
	GlobalSection(SolutionConfigurationPlatforms) = preSolution
		Debug|Any CPU = Debug|Any CPU
		Release|Any CPU = Release|Any CPU
	EndGlobalSection
	GlobalSection(ProjectConfigurationPlatforms) = postSolution
		{7378E1D8-C733-487B-82D0-D726E93FD42F}.Debug|Any CPU.ActiveCfg = Debug|Any CPU
		{7378E1D8-C733-487B-82D0-D726E93FD42F}.Debug|Any CPU.Build.0 = Debug|Any CPU
		{7378E1D8-C733-487B-82D0-D726E93FD42F}.Release|Any CPU.ActiveCfg = Release|Any CPU
		{7378E1D8-C733-487B-82D0-D726E93FD42F}.Release|Any CPU.Build.0 = Release|Any CPU
		{5EC88B4E-ABF8-472D-965B-C3E2D3ADD68F}.Debug|Any CPU.ActiveCfg = Debug|Any CPU
		{5EC88B4E-ABF8-472D-965B-C3E2D3ADD68F}.Debug|Any CPU.Build.0 = Debug|Any CPU
		{5EC88B4E-ABF8-472D-965B-C3E2D3ADD68F}.Release|Any CPU.ActiveCfg = Release|Any CPU
		{5EC88B4E-ABF8-472D-965B-C3E2D3ADD68F}.Release|Any CPU.Build.0 = Release|Any CPU
		{9AA7975A-7D13-4438-B743-0DA1AF3718EA}.Debug|Any CPU.ActiveCfg = Debug|Any CPU
		{9AA7975A-7D13-4438-B743-0DA1AF3718EA}.Debug|Any CPU.Build.0 = Debug|Any CPU
		{9AA7975A-7D13-4438-B743-0DA1AF3718EA}.Release|Any CPU.ActiveCfg = Release|Any CPU
		{9AA7975A-7D13-4438-B743-0DA1AF3718EA}.Release|Any CPU.Build.0 = Release|Any CPU
		{0C961211-2C42-42C5-BE02-FE684FF9F7A2}.Debug|Any CPU.ActiveCfg = Debug|Any CPU
		{0C961211-2C42-42C5-BE02-FE684FF9F7A2}.Debug|Any CPU.Build.0 = Debug|Any CPU
		{0C961211-2C42-42C5-BE02-FE684FF9F7A2}.Release|Any CPU.ActiveCfg = Release|Any CPU
		{0C961211-2C42-42C5-BE02-FE684FF9F7A2}.Release|Any CPU.Build.0 = Release|Any CPU
	EndGlobalSection
	GlobalSection(SolutionProperties) = preSolution
		HideSolutionNode = FALSE
	EndGlobalSection
EndGlobal
